
Microsoft Visual Studio Solution File, Format Version 12.00
# Visual Studio 15
VisualStudioVersion = 15.0.28307.902
MinimumVisualStudioVersion = 10.0.40219.1
Project("{FAE04EC0-301F-11D3-BF4B-00C04F79EFBC}") = "ConsoleApp1", "ConsoleApp1\ConsoleApp1.csproj", "{7B8A5F75-EB7D-4253-B694-3E6670D72546}"
EndProject
Global
	GlobalSection(SolutionConfigurationPlatforms) = preSolution
		Debug|Any CPU = Debug|Any CPU
		Release|Any CPU = Release|Any CPU
	EndGlobalSection
	GlobalSection(ProjectConfigurationPlatforms) = postSolution
		{7B8A5F75-EB7D-4253-B694-3E6670D72546}.Debug|Any CPU.ActiveCfg = Debug|Any CPU
		{7B8A5F75-EB7D-4253-B694-3E6670D72546}.Debug|Any CPU.Build.0 = Debug|Any CPU
		{7B8A5F75-EB7D-4253-B694-3E6670D72546}.Release|Any CPU.ActiveCfg = Release|Any CPU
		{7B8A5F75-EB7D-4253-B694-3E6670D72546}.Release|Any CPU.Build.0 = Release|Any CPU
	EndGlobalSection
	GlobalSection(SolutionProperties) = preSolution
		HideSolutionNode = FALSE
	EndGlobalSection
	GlobalSection(ExtensibilityGlobals) = postSolution
		SolutionGuid = {716FE80A-EC09-4681-9C92-15CA06F40DB1}
	EndGlobalSection
EndGlobal
